
Microsoft Visual Studio Solution File, Format Version 12.00
# Visual Studio Version 17
VisualStudioVersion = 17.10.34928.147
MinimumVisualStudioVersion = 10.0.40219.1
Project("{FAE04EC0-301F-11D3-BF4B-00C04F79EFBC}") = "AdoptionMVC", "AdoptionMVC\AdoptionMVC.csproj", "{AFA387E2-88B8-47F7-85F1-69A9955C9AFA}"
EndProject
Global
	GlobalSection(SolutionConfigurationPlatforms) = preSolution
		Debug|Any CPU = Debug|Any CPU
		Release|Any CPU = Release|Any CPU
	EndGlobalSection
	GlobalSection(ProjectConfigurationPlatforms) = postSolution
		{AFA387E2-88B8-47F7-85F1-69A9955C9AFA}.Debug|Any CPU.ActiveCfg = Debug|Any CPU
		{AFA387E2-88B8-47F7-85F1-69A9955C9AFA}.Debug|Any CPU.Build.0 = Debug|Any CPU
		{AFA387E2-88B8-47F7-85F1-69A9955C9AFA}.Release|Any CPU.ActiveCfg = Release|Any CPU
		{AFA387E2-88B8-47F7-85F1-69A9955C9AFA}.Release|Any CPU.Build.0 = Release|Any CPU
	EndGlobalSection
	GlobalSection(SolutionProperties) = preSolution
		HideSolutionNode = FALSE
	EndGlobalSection
	GlobalSection(ExtensibilityGlobals) = postSolution
		SolutionGuid = {14746DFB-D9A7-4E9C-9F98-F7BAFEE45F90}
	EndGlobalSection
EndGlobal
